
Microsoft Visual Studio Solution File, Format Version 12.00
# Visual Studio Version 16
VisualStudioVersion = 16.0.33214.272
MinimumVisualStudioVersion = 10.0.40219.1
Project("{FAE04EC0-301F-11D3-BF4B-00C04F79EFBC}") = "DeveloperChallenge", "DeveloperChallenge.csproj", "{D3B80E97-D72C-4198-AD18-FFBFA1F68794}"
EndProject
Project("{FAE04EC0-301F-11D3-BF4B-00C04F79EFBC}") = "DeveloperChallenge.Services", "..\DeveloperChallenge.Services\DeveloperChallenge.Services.csproj", "{088E4C5B-6348-4C48-B9F4-A9C752733731}"
EndProject
Project("{FAE04EC0-301F-11D3-BF4B-00C04F79EFBC}") = "DeveloperChallenge.Models", "..\DeveloperChallenge.Models\DeveloperChallenge.Models.csproj", "{F12FACB4-A95E-4893-8C19-891EE795E259}"
EndProject
Global
	GlobalSection(SolutionConfigurationPlatforms) = preSolution
		Debug|Any CPU = Debug|Any CPU
		Release|Any CPU = Release|Any CPU
	EndGlobalSection
	GlobalSection(ProjectConfigurationPlatforms) = postSolution
		{D3B80E97-D72C-4198-AD18-FFBFA1F68794}.Debug|Any CPU.ActiveCfg = Debug|Any CPU
		{D3B80E97-D72C-4198-AD18-FFBFA1F68794}.Debug|Any CPU.Build.0 = Debug|Any CPU
		{D3B80E97-D72C-4198-AD18-FFBFA1F68794}.Release|Any CPU.ActiveCfg = Release|Any CPU
		{D3B80E97-D72C-4198-AD18-FFBFA1F68794}.Release|Any CPU.Build.0 = Release|Any CPU
		{088E4C5B-6348-4C48-B9F4-A9C752733731}.Debug|Any CPU.ActiveCfg = Debug|Any CPU
		{088E4C5B-6348-4C48-B9F4-A9C752733731}.Debug|Any CPU.Build.0 = Debug|Any CPU
		{088E4C5B-6348-4C48-B9F4-A9C752733731}.Release|Any CPU.ActiveCfg = Release|Any CPU
		{088E4C5B-6348-4C48-B9F4-A9C752733731}.Release|Any CPU.Build.0 = Release|Any CPU
		{F12FACB4-A95E-4893-8C19-891EE795E259}.Debug|Any CPU.ActiveCfg = Debug|Any CPU
		{F12FACB4-A95E-4893-8C19-891EE795E259}.Debug|Any CPU.Build.0 = Debug|Any CPU
		{F12FACB4-A95E-4893-8C19-891EE795E259}.Release|Any CPU.ActiveCfg = Release|Any CPU
		{F12FACB4-A95E-4893-8C19-891EE795E259}.Release|Any CPU.Build.0 = Release|Any CPU
	EndGlobalSection
	GlobalSection(SolutionProperties) = preSolution
		HideSolutionNode = FALSE
	EndGlobalSection
	GlobalSection(ExtensibilityGlobals) = postSolution
		SolutionGuid = {6D6461E2-226C-40A5-8D2D-BB8A04470258}
	EndGlobalSection
EndGlobal
